PODS:
  - SortedDictionary (0.4.20250201)

DEPENDENCIES:
  - SortedDictionary (from `../`)

EXTERNAL SOURCES:
  SortedDictionary:
    :path: "../"

SPEC CHECKSUMS:
  SortedDictionary: 964dc645667289c3689682a7912e819bf5f6ebd7

PODFILE CHECKSUM: e64157014d2c8391ec7c91b6624eaaea6562cd6d

COCOAPODS: 1.15.2
